
Microsoft Visual Studio Solution File, Format Version 12.00
# Visual Studio Version 17
VisualStudioVersion = 17.11.35219.272
MinimumVisualStudioVersion = 10.0.40219.1
Project("{8BC9CEB8-8B4A-11D0-8D11-00A0C91BC942}") = "XMVECTOR", "Chapter 1 Vector Algebra\XMVECTOR\XMVECTOR.vcxproj", "{508E9197-885A-4954-B5DD-B528CE27E803}"
EndProject
Project("{8BC9CEB8-8B4A-11D0-8D11-00A0C91BC942}") = "XMMATRIX", "Chapter 2 Matrix Algebra\XMMATRIX\XMMATRIX.vcxproj", "{7CDBAD5D-00B5-4477-965E-803411B39454}"
EndProject
Project("{8BC9CEB8-8B4A-11D0-8D11-00A0C91BC942}") = "Init Direct3D", "Chapter 4 Direct3D Initialization\Init Direct3D\Init Direct3D.vcxproj", "{C4680F18-E037-4881-A760-CF9AC4C668C5}"
EndProject
Project("{8BC9CEB8-8B4A-11D0-8D11-00A0C91BC942}") = "Box", "Chapter 6 Drawing in Direct3D\Box\Box.vcxproj", "{B590A678-E935-4AED-AF1F-3B6D02A4AE95}"
EndProject
Project("{8BC9CEB8-8B4A-11D0-8D11-00A0C91BC942}") = "LandAndWaves", "Chapter 7 Drawing in Direct3D Part II\LandAndWaves\LandAndWaves.vcxproj", "{BDC63514-5D6B-4C7E-BC4F-11F19364456A}"
EndProject
Project("{8BC9CEB8-8B4A-11D0-8D11-00A0C91BC942}") = "Shapes", "Chapter 7 Drawing in Direct3D Part II\Shapes\Shapes.vcxproj", "{3F4D6E80-3635-4577-B6AC-CE8B90068BDD}"
EndProject
Project("{8BC9CEB8-8B4A-11D0-8D11-00A0C91BC942}") = "LitColumns", "Chapter 8 Lighting\LitColumns\LitColumns.vcxproj", "{8713DCC9-E21C-485A-99E5-B8D1E5AD91B6}"
EndProject
Project("{8BC9CEB8-8B4A-11D0-8D11-00A0C91BC942}") = "LitWaves", "Chapter 8 Lighting\LitWaves\LitWaves.vcxproj", "{2D456930-7EE8-4CE4-965A-A85A744F8515}"
EndProject
Project("{8BC9CEB8-8B4A-11D0-8D11-00A0C91BC942}") = "Crate", "Chapter 9 Texturing\Crate\Crate.vcxproj", "{99BAD649-F897-4374-B69D-EEB3F9CAE027}"
EndProject
Project("{8BC9CEB8-8B4A-11D0-8D11-00A0C91BC942}") = "TexColumns", "Chapter 9 Texturing\TexColumns\TexColumns.vcxproj", "{23D47CEE-6F04-46F2-B680-AF36FB5A386A}"
EndProject
Project("{8BC9CEB8-8B4A-11D0-8D11-00A0C91BC942}") = "TexWaves", "Chapter 9 Texturing\TexWaves\TexWaves.vcxproj", "{0EB5ECAA-3BCB-4B58-9FA9-88176C0E1CFF}"
EndProject
Project("{8BC9CEB8-8B4A-11D0-8D11-00A0C91BC942}") = "BlendDemo", "Chapter 10 Blending\BlendDemo\BlendDemo.vcxproj", "{5ED524F3-165A-425D-B380-3FA556A48005}"
EndProject
Project("{8BC9CEB8-8B4A-11D0-8D11-00A0C91BC942}") = "StencilDemo", "Chapter 11 Stenciling\StencilDemo\StencilDemo.vcxproj", "{BB2E3DFF-5328-43B3-A8A1-1E881AFE7884}"
EndProject
Project("{8BC9CEB8-8B4A-11D0-8D11-00A0C91BC942}") = "TreeBillboards", "Chapter 12 The Geometry Shader\TreeBillboards\TreeBillboards.vcxproj", "{6A6F7455-9AA4-4BFA-8593-169F7182146A}"
EndProject
Project("{8BC9CEB8-8B4A-11D0-8D11-00A0C91BC942}") = "Blur", "Chapter 13 The Compute Shader\Blur\Blur.vcxproj", "{CA41A537-195E-4958-B149-CEE6399D9618}"
EndProject
Project("{8BC9CEB8-8B4A-11D0-8D11-00A0C91BC942}") = "SobelFilter", "Chapter 13 The Compute Shader\SobelFilter\SobelFilter.vcxproj", "{2B6B81E7-C717-43D5-A535-B59ADA901B09}"
EndProject
Project("{8BC9CEB8-8B4A-11D0-8D11-00A0C91BC942}") = "VecAdd", "Chapter 13 The Compute Shader\VecAdd\VecAdd.vcxproj", "{B7F5DB6D-AE07-41D0-A684-26C3A36B97C4}"
EndProject
Project("{8BC9CEB8-8B4A-11D0-8D11-00A0C91BC942}") = "WavesCS", "Chapter 13 The Compute Shader\WavesCS\WavesCS.vcxproj", "{16004724-C619-451B-A249-58709A3639C0}"
EndProject
Project("{8BC9CEB8-8B4A-11D0-8D11-00A0C91BC942}") = "BasicTessellation", "Chapter 14 The Tessellation Stages\BasicTessellation\BasicTessellation.vcxproj", "{66252CDA-3422-41DD-B089-393287D6E614}"
EndProject
Project("{8BC9CEB8-8B4A-11D0-8D11-00A0C91BC942}") = "BezierPatch", "Chapter 14 The Tessellation Stages\BezierPatch\BezierPatch.vcxproj", "{F2BE9056-354C-40EA-A16E-3335F07678A6}"
EndProject
Project("{8BC9CEB8-8B4A-11D0-8D11-00A0C91BC942}") = "CameraAndDynamicIndexing", "Chapter 15 First Person Camera and Dynamic Indexing\CameraAndDynamicIndexing\CameraAndDynamicIndexing.vcxproj", "{EBA44FF6-C000-495A-ABE9-E6848AF88F17}"
EndProject
Project("{8BC9CEB8-8B4A-11D0-8D11-00A0C91BC942}") = "InstancingAndCulling", "Chapter 16 Instancing and Frustum Culling\InstancingAndCulling\InstancingAndCulling.vcxproj", "{08EDFAC3-2447-4CDF-9B1F-D91C8D9887E7}"
EndProject
Project("{8BC9CEB8-8B4A-11D0-8D11-00A0C91BC942}") = "Picking", "Chapter 17 Picking\Picking\Picking.vcxproj", "{BA776CBA-A555-43D1-B4B8-82A3BEFEFDB9}"
EndProject
Project("{8BC9CEB8-8B4A-11D0-8D11-00A0C91BC942}") = "CubeMap", "Chapter 18 Cube Mapping\CubeMap\CubeMap.vcxproj", "{75FB9415-C135-4C93-9B35-8C27FB9BF7F3}"
EndProject
Project("{8BC9CEB8-8B4A-11D0-8D11-00A0C91BC942}") = "DynamicCube", "Chapter 18 Cube Mapping\DynamicCube\DynamicCube.vcxproj", "{454E2EDD-4E64-49AE-8B29-9AC94FAC2494}"
EndProject
Project("{8BC9CEB8-8B4A-11D0-8D11-00A0C91BC942}") = "NormalMap", "Chapter 19 Normal Mapping\NormalMap\NormalMap.vcxproj", "{BDD38E45-5E08-4654-80AB-204A7C4A3FF3}"
EndProject
Project("{8BC9CEB8-8B4A-11D0-8D11-00A0C91BC942}") = "Shadows", "Chapter 20 Shadow Mapping\Shadows\Shadows.vcxproj", "{BE228814-A8FE-45F3-91A8-5F73AD61AB02}"
EndProject
Project("{8BC9CEB8-8B4A-11D0-8D11-00A0C91BC942}") = "Ssao", "Chapter 21 Ambient Occlusion\Ssao\Ssao.vcxproj", "{19D1BAEA-0053-4B68-A3A3-FE3A2F4D7E46}"
EndProject
Project("{8BC9CEB8-8B4A-11D0-8D11-00A0C91BC942}") = "QuatDemo", "Chapter 22 Quaternions\QuatDemo\QuatDemo.vcxproj", "{FE0CC4EB-8818-4EF7-922B-B591D2906E0C}"
EndProject
Project("{8BC9CEB8-8B4A-11D0-8D11-00A0C91BC942}") = "SkinnedMesh", "Chapter 23 Character Animation\SkinnedMesh\SkinnedMesh.vcxproj", "{6CFBC7B3-0F8A-4C64-AA5F-9051B208D67A}"
EndProject
Project("{2150E333-8FDC-42A3-9474-1A3956D46DE8}") = "01 - Vector Algebra", "01 - Vector Algebra", "{DB5D464A-C2C2-4D58-B900-CB6C44A52647}"
EndProject
Project("{2150E333-8FDC-42A3-9474-1A3956D46DE8}") = "02 - Matrix Algebra", "02 - Matrix Algebra", "{5F632494-7B67-4E68-813A-814FEB565BC0}"
EndProject
Project("{2150E333-8FDC-42A3-9474-1A3956D46DE8}") = "04 - Direct3D Initializiation", "04 - Direct3D Initializiation", "{72C4FB0A-DE78-4BBB-8F7D-65E76AD838DD}"
EndProject
Project("{2150E333-8FDC-42A3-9474-1A3956D46DE8}") = "06 - Drawing in Direct3D", "06 - Drawing in Direct3D", "{7A2A4470-C347-47A6-AC21-2578AB107C73}"
EndProject
Project("{2150E333-8FDC-42A3-9474-1A3956D46DE8}") = "07 - Drawing in Direct3D Part II", "07 - Drawing in Direct3D Part II", "{63D138D5-95B2-4081-8F72-28F52D3E6AF7}"
EndProject
Project("{2150E333-8FDC-42A3-9474-1A3956D46DE8}") = "08 - Lighting", "08 - Lighting", "{A56F211F-7DE7-423D-AA5B-F14846EB01E3}"
EndProject
Project("{2150E333-8FDC-42A3-9474-1A3956D46DE8}") = "09 - Texturing", "09 - Texturing", "{490FE74B-201E-4E9F-86E9-D7FFE4935F6E}"
EndProject
Project("{2150E333-8FDC-42A3-9474-1A3956D46DE8}") = "10 - Blending", "10 - Blending", "{19F6D636-C291-407D-88D6-E07D779F2E19}"
EndProject
Project("{2150E333-8FDC-42A3-9474-1A3956D46DE8}") = "11 - Stenciling", "11 - Stenciling", "{67FFF2D4-FA74-404E-9EBE-2CBE72C3714B}"
EndProject
Project("{2150E333-8FDC-42A3-9474-1A3956D46DE8}") = "12 - The Geometry Shader", "12 - The Geometry Shader", "{502A4D37-97CB-44E4-AC91-F4796A38ADB0}"
EndProject
Project("{2150E333-8FDC-42A3-9474-1A3956D46DE8}") = "13 - The Compute Shader", "13 - The Compute Shader", "{6A04B300-1317-488D-B021-5AF8DF12E033}"
EndProject
Project("{2150E333-8FDC-42A3-9474-1A3956D46DE8}") = "14 - The Tesselation Stages", "14 - The Tesselation Stages", "{1A1B0659-9A4C-4663-963B-12738791A90A}"
EndProject
Project("{2150E333-8FDC-42A3-9474-1A3956D46DE8}") = "15 - First Person Camera and Dynamic Indexing", "15 - First Person Camera and Dynamic Indexing", "{DCF8FD97-E7FB-4C0D-9D89-BA841703D5E3}"
EndProject
Project("{2150E333-8FDC-42A3-9474-1A3956D46DE8}") = "16 - Instancing and Frustum Culling", "16 - Instancing and Frustum Culling", "{7D9CCD8A-5D1E-4BDA-BE72-4B09A86BB26B}"
EndProject
Project("{2150E333-8FDC-42A3-9474-1A3956D46DE8}") = "17 - Picking", "17 - Picking", "{42B8227D-9F7F-4658-B5D9-EBA09A18BC34}"
EndProject
Project("{2150E333-8FDC-42A3-9474-1A3956D46DE8}") = "18 - Cube Mapping", "18 - Cube Mapping", "{F185C357-4FCA-4FD2-A4C0-3403A1F7B366}"
EndProject
Project("{2150E333-8FDC-42A3-9474-1A3956D46DE8}") = "19 - Normal Mapping", "19 - Normal Mapping", "{44803F9D-64D0-4FFD-A7BA-4DEFB25CFA7B}"
EndProject
Project("{2150E333-8FDC-42A3-9474-1A3956D46DE8}") = "20 - Shadow Mapping", "20 - Shadow Mapping", "{C0A85CB4-5692-4B4B-B6DC-46AD484E0DA6}"
EndProject
Project("{2150E333-8FDC-42A3-9474-1A3956D46DE8}") = "21 - Ambient Occlusion", "21 - Ambient Occlusion", "{1EB6785F-FBB0-42CF-B068-1262EEDA39CD}"
EndProject
Project("{2150E333-8FDC-42A3-9474-1A3956D46DE8}") = "22 - Quaternions", "22 - Quaternions", "{9300137B-2F09-45D5-8177-CF4D223E7D3D}"
EndProject
Project("{2150E333-8FDC-42A3-9474-1A3956D46DE8}") = "23 - Character Animation", "23 - Character Animation", "{7C1FA604-1E96-436A-85DC-5436403F5414}"
EndProject
Project("{2150E333-8FDC-42A3-9474-1A3956D46DE8}") = "Common", "Common", "{DA679B6E-BF5D-401B-8EBF-CB4C33B6B8DB}"
	ProjectSection(SolutionItems) = preProject
		Common\Camera.cpp = Common\Camera.cpp
		Common\Camera.h = Common\Camera.h
		Common\d3dApp.cpp = Common\d3dApp.cpp
		Common\d3dApp.h = Common\d3dApp.h
		Common\d3dUtil.cpp = Common\d3dUtil.cpp
		Common\d3dUtil.h = Common\d3dUtil.h
		Common\d3dx12.h = Common\d3dx12.h
		Common\DDSTextureLoader.cpp = Common\DDSTextureLoader.cpp
		Common\DDSTextureLoader.h = Common\DDSTextureLoader.h
		Common\GameTimer.cpp = Common\GameTimer.cpp
		Common\GameTimer.h = Common\GameTimer.h
		Common\GeometryGenerator.cpp = Common\GeometryGenerator.cpp
		Common\GeometryGenerator.h = Common\GeometryGenerator.h
		Common\MathHelper.cpp = Common\MathHelper.cpp
		Common\MathHelper.h = Common\MathHelper.h
		Common\UploadBuffer.h = Common\UploadBuffer.h
	EndProjectSection
EndProject
Global
	GlobalSection(SolutionConfigurationPlatforms) = preSolution
		Debug|x64 = Debug|x64
		Debug|x86 = Debug|x86
		Release|x64 = Release|x64
		Release|x86 = Release|x86
	EndGlobalSection
	GlobalSection(ProjectConfigurationPlatforms) = postSolution
		{508E9197-885A-4954-B5DD-B528CE27E803}.Debug|x64.ActiveCfg = Debug|x64
		{508E9197-885A-4954-B5DD-B528CE27E803}.Debug|x64.Build.0 = Debug|x64
		{508E9197-885A-4954-B5DD-B528CE27E803}.Debug|x86.ActiveCfg = Debug|Win32
		{508E9197-885A-4954-B5DD-B528CE27E803}.Debug|x86.Build.0 = Debug|Win32
		{508E9197-885A-4954-B5DD-B528CE27E803}.Release|x64.ActiveCfg = Release|x64
		{508E9197-885A-4954-B5DD-B528CE27E803}.Release|x64.Build.0 = Release|x64
		{508E9197-885A-4954-B5DD-B528CE27E803}.Release|x86.ActiveCfg = Release|Win32
		{508E9197-885A-4954-B5DD-B528CE27E803}.Release|x86.Build.0 = Release|Win32
		{7CDBAD5D-00B5-4477-965E-803411B39454}.Debug|x64.ActiveCfg = Debug|Win32
		{7CDBAD5D-00B5-4477-965E-803411B39454}.Debug|x64.Build.0 = Debug|Win32
		{7CDBAD5D-00B5-4477-965E-803411B39454}.Debug|x86.ActiveCfg = Debug|Win32
		{7CDBAD5D-00B5-4477-965E-803411B39454}.Debug|x86.Build.0 = Debug|Win32
		{7CDBAD5D-00B5-4477-965E-803411B39454}.Release|x64.ActiveCfg = Release|Win32
		{7CDBAD5D-00B5-4477-965E-803411B39454}.Release|x64.Build.0 = Release|Win32
		{7CDBAD5D-00B5-4477-965E-803411B39454}.Release|x86.ActiveCfg = Release|Win32
		{7CDBAD5D-00B5-4477-965E-803411B39454}.Release|x86.Build.0 = Release|Win32
		{C4680F18-E037-4881-A760-CF9AC4C668C5}.Debug|x64.ActiveCfg = Debug|x64
		{C4680F18-E037-4881-A760-CF9AC4C668C5}.Debug|x64.Build.0 = Debug|x64
		{C4680F18-E037-4881-A760-CF9AC4C668C5}.Debug|x86.ActiveCfg = Debug|Win32
		{C4680F18-E037-4881-A760-CF9AC4C668C5}.Debug|x86.Build.0 = Debug|Win32
		{C4680F18-E037-4881-A760-CF9AC4C668C5}.Release|x64.ActiveCfg = Release|x64
		{C4680F18-E037-4881-A760-CF9AC4C668C5}.Release|x64.Build.0 = Release|x64
		{C4680F18-E037-4881-A760-CF9AC4C668C5}.Release|x86.ActiveCfg = Release|Win32
		{C4680F18-E037-4881-A760-CF9AC4C668C5}.Release|x86.Build.0 = Release|Win32
		{B590A678-E935-4AED-AF1F-3B6D02A4AE95}.Debug|x64.ActiveCfg = Debug|x64
		{B590A678-E935-4AED-AF1F-3B6D02A4AE95}.Debug|x64.Build.0 = Debug|x64
		{B590A678-E935-4AED-AF1F-3B6D02A4AE95}.Debug|x86.ActiveCfg = Debug|Win32
		{B590A678-E935-4AED-AF1F-3B6D02A4AE95}.Debug|x86.Build.0 = Debug|Win32
		{B590A678-E935-4AED-AF1F-3B6D02A4AE95}.Release|x64.ActiveCfg = Release|x64
		{B590A678-E935-4AED-AF1F-3B6D02A4AE95}.Release|x64.Build.0 = Release|x64
		{B590A678-E935-4AED-AF1F-3B6D02A4AE95}.Release|x86.ActiveCfg = Release|Win32
		{B590A678-E935-4AED-AF1F-3B6D02A4AE95}.Release|x86.Build.0 = Release|Win32
		{BDC63514-5D6B-4C7E-BC4F-11F19364456A}.Debug|x64.ActiveCfg = Debug|x64
		{BDC63514-5D6B-4C7E-BC4F-11F19364456A}.Debug|x64.Build.0 = Debug|x64
		{BDC63514-5D6B-4C7E-BC4F-11F19364456A}.Debug|x86.ActiveCfg = Debug|Win32
		{BDC63514-5D6B-4C7E-BC4F-11F19364456A}.Debug|x86.Build.0 = Debug|Win32
		{BDC63514-5D6B-4C7E-BC4F-11F19364456A}.Release|x64.ActiveCfg = Release|x64
		{BDC63514-5D6B-4C7E-BC4F-11F19364456A}.Release|x64.Build.0 = Release|x64
		{BDC63514-5D6B-4C7E-BC4F-11F19364456A}.Release|x86.ActiveCfg = Release|Win32
		{BDC63514-5D6B-4C7E-BC4F-11F19364456A}.Release|x86.Build.0 = Release|Win32
		{3F4D6E80-3635-4577-B6AC-CE8B90068BDD}.Debug|x64.ActiveCfg = Debug|x64
		{3F4D6E80-3635-4577-B6AC-CE8B90068BDD}.Debug|x64.Build.0 = Debug|x64
		{3F4D6E80-3635-4577-B6AC-CE8B90068BDD}.Debug|x86.ActiveCfg = Debug|Win32
		{3F4D6E80-3635-4577-B6AC-CE8B90068BDD}.Debug|x86.Build.0 = Debug|Win32
		{3F4D6E80-3635-4577-B6AC-CE8B90068BDD}.Release|x64.ActiveCfg = Release|x64
		{3F4D6E80-3635-4577-B6AC-CE8B90068BDD}.Release|x64.Build.0 = Release|x64
		{3F4D6E80-3635-4577-B6AC-CE8B90068BDD}.Release|x86.ActiveCfg = Release|Win32
		{3F4D6E80-3635-4577-B6AC-CE8B90068BDD}.Release|x86.Build.0 = Release|Win32
		{8713DCC9-E21C-485A-99E5-B8D1E5AD91B6}.Debug|x64.ActiveCfg = Debug|x64
		{8713DCC9-E21C-485A-99E5-B8D1E5AD91B6}.Debug|x64.Build.0 = Debug|x64
		{8713DCC9-E21C-485A-99E5-B8D1E5AD91B6}.Debug|x86.ActiveCfg = Debug|Win32
		{8713DCC9-E21C-485A-99E5-B8D1E5AD91B6}.Debug|x86.Build.0 = Debug|Win32
		{8713DCC9-E21C-485A-99E5-B8D1E5AD91B6}.Release|x64.ActiveCfg = Release|x64
		{8713DCC9-E21C-485A-99E5-B8D1E5AD91B6}.Release|x64.Build.0 = Release|x64
		{8713DCC9-E21C-485A-99E5-B8D1E5AD91B6}.Release|x86.ActiveCfg = Release|Win32
		{8713DCC9-E21C-485A-99E5-B8D1E5AD91B6}.Release|x86.Build.0 = Release|Win32
		{2D456930-7EE8-4CE4-965A-A85A744F8515}.Debug|x64.ActiveCfg = Debug|x64
		{2D456930-7EE8-4CE4-965A-A85A744F8515}.Debug|x64.Build.0 = Debug|x64
		{2D456930-7EE8-4CE4-965A-A85A744F8515}.Debug|x86.ActiveCfg = Debug|Win32
		{2D456930-7EE8-4CE4-965A-A85A744F8515}.Debug|x86.Build.0 = Debug|Win32
		{2D456930-7EE8-4CE4-965A-A85A744F8515}.Release|x64.ActiveCfg = Release|x64
		{2D456930-7EE8-4CE4-965A-A85A744F8515}.Release|x64.Build.0 = Release|x64
		{2D456930-7EE8-4CE4-965A-A85A744F8515}.Release|x86.ActiveCfg = Release|Win32
		{2D456930-7EE8-4CE4-965A-A85A744F8515}.Release|x86.Build.0 = Release|Win32
		{99BAD649-F897-4374-B69D-EEB3F9CAE027}.Debug|x64.ActiveCfg = Debug|x64
		{99BAD649-F897-4374-B69D-EEB3F9CAE027}.Debug|x64.Build.0 = Debug|x64
		{99BAD649-F897-4374-B69D-EEB3F9CAE027}.Debug|x86.ActiveCfg = Debug|Win32
		{99BAD649-F897-4374-B69D-EEB3F9CAE027}.Debug|x86.Build.0 = Debug|Win32
		{99BAD649-F897-4374-B69D-EEB3F9CAE027}.Release|x64.ActiveCfg = Release|x64
		{99BAD649-F897-4374-B69D-EEB3F9CAE027}.Release|x64.Build.0 = Release|x64
		{99BAD649-F897-4374-B69D-EEB3F9CAE027}.Release|x86.ActiveCfg = Release|Win32
		{99BAD649-F897-4374-B69D-EEB3F9CAE027}.Release|x86.Build.0 = Release|Win32
		{23D47CEE-6F04-46F2-B680-AF36FB5A386A}.Debug|x64.ActiveCfg = Debug|x64
		{23D47CEE-6F04-46F2-B680-AF36FB5A386A}.Debug|x64.Build.0 = Debug|x64
		{23D47CEE-6F04-46F2-B680-AF36FB5A386A}.Debug|x86.ActiveCfg = Debug|Win32
		{23D47CEE-6F04-46F2-B680-AF36FB5A386A}.Debug|x86.Build.0 = Debug|Win32
		{23D47CEE-6F04-46F2-B680-AF36FB5A386A}.Release|x64.ActiveCfg = Release|x64
		{23D47CEE-6F04-46F2-B680-AF36FB5A386A}.Release|x64.Build.0 = Release|x64
		{23D47CEE-6F04-46F2-B680-AF36FB5A386A}.Release|x86.ActiveCfg = Release|Win32
		{23D47CEE-6F04-46F2-B680-AF36FB5A386A}.Release|x86.Build.0 = Release|Win32
		{0EB5ECAA-3BCB-4B58-9FA9-88176C0E1CFF}.Debug|x64.ActiveCfg = Debug|x64
		{0EB5ECAA-3BCB-4B58-9FA9-88176C0E1CFF}.Debug|x64.Build.0 = Debug|x64
		{0EB5ECAA-3BCB-4B58-9FA9-88176C0E1CFF}.Debug|x86.ActiveCfg = Debug|Win32
		{0EB5ECAA-3BCB-4B58-9FA9-88176C0E1CFF}.Debug|x86.Build.0 = Debug|Win32
		{0EB5ECAA-3BCB-4B58-9FA9-88176C0E1CFF}.Release|x64.ActiveCfg = Release|x64
		{0EB5ECAA-3BCB-4B58-9FA9-88176C0E1CFF}.Release|x64.Build.0 = Release|x64
		{0EB5ECAA-3BCB-4B58-9FA9-88176C0E1CFF}.Release|x86.ActiveCfg = Release|Win32
		{0EB5ECAA-3BCB-4B58-9FA9-88176C0E1CFF}.Release|x86.Build.0 = Release|Win32
		{5ED524F3-165A-425D-B380-3FA556A48005}.Debug|x64.ActiveCfg = Debug|x64
		{5ED524F3-165A-425D-B380-3FA556A48005}.Debug|x64.Build.0 = Debug|x64
		{5ED524F3-165A-425D-B380-3FA556A48005}.Debug|x86.ActiveCfg = Debug|Win32
		{5ED524F3-165A-425D-B380-3FA556A48005}.Debug|x86.Build.0 = Debug|Win32
		{5ED524F3-165A-425D-B380-3FA556A48005}.Release|x64.ActiveCfg = Release|x64
		{5ED524F3-165A-425D-B380-3FA556A48005}.Release|x64.Build.0 = Release|x64
		{5ED524F3-165A-425D-B380-3FA556A48005}.Release|x86.ActiveCfg = Release|Win32
		{5ED524F3-165A-425D-B380-3FA556A48005}.Release|x86.Build.0 = Release|Win32
		{BB2E3DFF-5328-43B3-A8A1-1E881AFE7884}.Debug|x64.ActiveCfg = Debug|x64
		{BB2E3DFF-5328-43B3-A8A1-1E881AFE7884}.Debug|x64.Build.0 = Debug|x64
		{BB2E3DFF-5328-43B3-A8A1-1E881AFE7884}.Debug|x86.ActiveCfg = Debug|Win32
		{BB2E3DFF-5328-43B3-A8A1-1E881AFE7884}.Debug|x86.Build.0 = Debug|Win32
		{BB2E3DFF-5328-43B3-A8A1-1E881AFE7884}.Release|x64.ActiveCfg = Release|x64
		{BB2E3DFF-5328-43B3-A8A1-1E881AFE7884}.Release|x64.Build.0 = Release|x64
		{BB2E3DFF-5328-43B3-A8A1-1E881AFE7884}.Release|x86.ActiveCfg = Release|Win32
		{BB2E3DFF-5328-43B3-A8A1-1E881AFE7884}.Release|x86.Build.0 = Release|Win32
		{6A6F7455-9AA4-4BFA-8593-169F7182146A}.Debug|x64.ActiveCfg = Debug|x64
		{6A6F7455-9AA4-4BFA-8593-169F7182146A}.Debug|x64.Build.0 = Debug|x64
		{6A6F7455-9AA4-4BFA-8593-169F7182146A}.Debug|x86.ActiveCfg = Debug|Win32
		{6A6F7455-9AA4-4BFA-8593-169F7182146A}.Debug|x86.Build.0 = Debug|Win32
		{6A6F7455-9AA4-4BFA-8593-169F7182146A}.Release|x64.ActiveCfg = Release|x64
		{6A6F7455-9AA4-4BFA-8593-169F7182146A}.Release|x64.Build.0 = Release|x64
		{6A6F7455-9AA4-4BFA-8593-169F7182146A}.Release|x86.ActiveCfg = Release|Win32
		{6A6F7455-9AA4-4BFA-8593-169F7182146A}.Release|x86.Build.0 = Release|Win32
		{CA41A537-195E-4958-B149-CEE6399D9618}.Debug|x64.ActiveCfg = Debug|x64
		{CA41A537-195E-4958-B149-CEE6399D9618}.Debug|x64.Build.0 = Debug|x64
		{CA41A537-195E-4958-B149-CEE6399D9618}.Debug|x86.ActiveCfg = Debug|Win32
		{CA41A537-195E-4958-B149-CEE6399D9618}.Debug|x86.Build.0 = Debug|Win32
		{CA41A537-195E-4958-B149-CEE6399D9618}.Release|x64.ActiveCfg = Release|x64
		{CA41A537-195E-4958-B149-CEE6399D9618}.Release|x64.Build.0 = Release|x64
		{CA41A537-195E-4958-B149-CEE6399D9618}.Release|x86.ActiveCfg = Release|Win32
		{CA41A537-195E-4958-B149-CEE6399D9618}.Release|x86.Build.0 = Release|Win32
		{2B6B81E7-C717-43D5-A535-B59ADA901B09}.Debug|x64.ActiveCfg = Debug|x64
		{2B6B81E7-C717-43D5-A535-B59ADA901B09}.Debug|x64.Build.0 = Debug|x64
		{2B6B81E7-C717-43D5-A535-B59ADA901B09}.Debug|x86.ActiveCfg = Debug|Win32
		{2B6B81E7-C717-43D5-A535-B59ADA901B09}.Debug|x86.Build.0 = Debug|Win32
		{2B6B81E7-C717-43D5-A535-B59ADA901B09}.Release|x64.ActiveCfg = Release|x64
		{2B6B81E7-C717-43D5-A535-B59ADA901B09}.Release|x64.Build.0 = Release|x64
		{2B6B81E7-C717-43D5-A535-B59ADA901B09}.Release|x86.ActiveCfg = Release|Win32
		{2B6B81E7-C717-43D5-A535-B59ADA901B09}.Release|x86.Build.0 = Release|Win32
		{B7F5DB6D-AE07-41D0-A684-26C3A36B97C4}.Debug|x64.ActiveCfg = Debug|x64
		{B7F5DB6D-AE07-41D0-A684-26C3A36B97C4}.Debug|x64.Build.0 = Debug|x64
		{B7F5DB6D-AE07-41D0-A684-26C3A36B97C4}.Debug|x86.ActiveCfg = Debug|Win32
		{B7F5DB6D-AE07-41D0-A684-26C3A36B97C4}.Debug|x86.Build.0 = Debug|Win32
		{B7F5DB6D-AE07-41D0-A684-26C3A36B97C4}.Release|x64.ActiveCfg = Release|x64
		{B7F5DB6D-AE07-41D0-A684-26C3A36B97C4}.Release|x64.Build.0 = Release|x64
		{B7F5DB6D-AE07-41D0-A684-26C3A36B97C4}.Release|x86.ActiveCfg = Release|Win32
		{B7F5DB6D-AE07-41D0-A684-26C3A36B97C4}.Release|x86.Build.0 = Release|Win32
		{16004724-C619-451B-A249-58709A3639C0}.Debug|x64.ActiveCfg = Debug|x64
		{16004724-C619-451B-A249-58709A3639C0}.Debug|x64.Build.0 = Debug|x64
		{16004724-C619-451B-A249-58709A3639C0}.Debug|x86.ActiveCfg = Debug|Win32
		{16004724-C619-451B-A249-58709A3639C0}.Debug|x86.Build.0 = Debug|Win32
		{16004724-C619-451B-A249-58709A3639C0}.Release|x64.ActiveCfg = Release|x64
		{16004724-C619-451B-A249-58709A3639C0}.Release|x64.Build.0 = Release|x64
		{16004724-C619-451B-A249-58709A3639C0}.Release|x86.ActiveCfg = Release|Win32
		{16004724-C619-451B-A249-58709A3639C0}.Release|x86.Build.0 = Release|Win32
		{66252CDA-3422-41DD-B089-393287D6E614}.Debug|x64.ActiveCfg = Debug|x64
		{66252CDA-3422-41DD-B089-393287D6E614}.Debug|x64.Build.0 = Debug|x64
		{66252CDA-3422-41DD-B089-393287D6E614}.Debug|x86.ActiveCfg = Debug|Win32
		{66252CDA-3422-41DD-B089-393287D6E614}.Debug|x86.Build.0 = Debug|Win32
		{66252CDA-3422-41DD-B089-393287D6E614}.Release|x64.ActiveCfg = Release|x64
		{66252CDA-3422-41DD-B089-393287D6E614}.Release|x64.Build.0 = Release|x64
		{66252CDA-3422-41DD-B089-393287D6E614}.Release|x86.ActiveCfg = Release|Win32
		{66252CDA-3422-41DD-B089-393287D6E614}.Release|x86.Build.0 = Release|Win32
		{F2BE9056-354C-40EA-A16E-3335F07678A6}.Debug|x64.ActiveCfg = Debug|x64
		{F2BE9056-354C-40EA-A16E-3335F07678A6}.Debug|x64.Build.0 = Debug|x64
		{F2BE9056-354C-40EA-A16E-3335F07678A6}.Debug|x86.ActiveCfg = Debug|Win32
		{F2BE9056-354C-40EA-A16E-3335F07678A6}.Debug|x86.Build.0 = Debug|Win32
		{F2BE9056-354C-40EA-A16E-3335F07678A6}.Release|x64.ActiveCfg = Release|x64
		{F2BE9056-354C-40EA-A16E-3335F07678A6}.Release|x64.Build.0 = Release|x64
		{F2BE9056-354C-40EA-A16E-3335F07678A6}.Release|x86.ActiveCfg = Release|Win32
		{F2BE9056-354C-40EA-A16E-3335F07678A6}.Release|x86.Build.0 = Release|Win32
		{EBA44FF6-C000-495A-ABE9-E6848AF88F17}.Debug|x64.ActiveCfg = Debug|x64
		{EBA44FF6-C000-495A-ABE9-E6848AF88F17}.Debug|x64.Build.0 = Debug|x64
		{EBA44FF6-C000-495A-ABE9-E6848AF88F17}.Debug|x86.ActiveCfg = Debug|Win32
		{EBA44FF6-C000-495A-ABE9-E6848AF88F17}.Debug|x86.Build.0 = Debug|Win32
		{EBA44FF6-C000-495A-ABE9-E6848AF88F17}.Release|x64.ActiveCfg = Release|x64
		{EBA44FF6-C000-495A-ABE9-E6848AF88F17}.Release|x64.Build.0 = Release|x64
		{EBA44FF6-C000-495A-ABE9-E6848AF88F17}.Release|x86.ActiveCfg = Release|Win32
		{EBA44FF6-C000-495A-ABE9-E6848AF88F17}.Release|x86.Build.0 = Release|Win32
		{08EDFAC3-2447-4CDF-9B1F-D91C8D9887E7}.Debug|x64.ActiveCfg = Debug|x64
		{08EDFAC3-2447-4CDF-9B1F-D91C8D9887E7}.Debug|x64.Build.0 = Debug|x64
		{08EDFAC3-2447-4CDF-9B1F-D91C8D9887E7}.Debug|x86.ActiveCfg = Debug|Win32
		{08EDFAC3-2447-4CDF-9B1F-D91C8D9887E7}.Debug|x86.Build.0 = Debug|Win32
		{08EDFAC3-2447-4CDF-9B1F-D91C8D9887E7}.Release|x64.ActiveCfg = Release|x64
		{08EDFAC3-2447-4CDF-9B1F-D91C8D9887E7}.Release|x64.Build.0 = Release|x64
		{08EDFAC3-2447-4CDF-9B1F-D91C8D9887E7}.Release|x86.ActiveCfg = Release|Win32
		{08EDFAC3-2447-4CDF-9B1F-D91C8D9887E7}.Release|x86.Build.0 = Release|Win32
		{BA776CBA-A555-43D1-B4B8-82A3BEFEFDB9}.Debug|x64.ActiveCfg = Debug|x64
		{BA776CBA-A555-43D1-B4B8-82A3BEFEFDB9}.Debug|x64.Build.0 = Debug|x64
		{BA776CBA-A555-43D1-B4B8-82A3BEFEFDB9}.Debug|x86.ActiveCfg = Debug|Win32
		{BA776CBA-A555-43D1-B4B8-82A3BEFEFDB9}.Debug|x86.Build.0 = Debug|Win32
		{BA776CBA-A555-43D1-B4B8-82A3BEFEFDB9}.Release|x64.ActiveCfg = Release|x64
		{BA776CBA-A555-43D1-B4B8-82A3BEFEFDB9}.Release|x64.Build.0 = Release|x64
		{BA776CBA-A555-43D1-B4B8-82A3BEFEFDB9}.Release|x86.ActiveCfg = Release|Win32
		{BA776CBA-A555-43D1-B4B8-82A3BEFEFDB9}.Release|x86.Build.0 = Release|Win32
		{75FB9415-C135-4C93-9B35-8C27FB9BF7F3}.Debug|x64.ActiveCfg = Debug|x64
		{75FB9415-C135-4C93-9B35-8C27FB9BF7F3}.Debug|x64.Build.0 = Debug|x64
		{75FB9415-C135-4C93-9B35-8C27FB9BF7F3}.Debug|x86.ActiveCfg = Debug|Win32
		{75FB9415-C135-4C93-9B35-8C27FB9BF7F3}.Debug|x86.Build.0 = Debug|Win32
		{75FB9415-C135-4C93-9B35-8C27FB9BF7F3}.Release|x64.ActiveCfg = Release|x64
		{75FB9415-C135-4C93-9B35-8C27FB9BF7F3}.Release|x64.Build.0 = Release|x64
		{75FB9415-C135-4C93-9B35-8C27FB9BF7F3}.Release|x86.ActiveCfg = Release|Win32
		{75FB9415-C135-4C93-9B35-8C27FB9BF7F3}.Release|x86.Build.0 = Release|Win32
		{454E2EDD-4E64-49AE-8B29-9AC94FAC2494}.Debug|x64.ActiveCfg = Debug|x64
		{454E2EDD-4E64-49AE-8B29-9AC94FAC2494}.Debug|x64.Build.0 = Debug|x64
		{454E2EDD-4E64-49AE-8B29-9AC94FAC2494}.Debug|x86.ActiveCfg = Debug|Win32
		{454E2EDD-4E64-49AE-8B29-9AC94FAC2494}.Debug|x86.Build.0 = Debug|Win32
		{454E2EDD-4E64-49AE-8B29-9AC94FAC2494}.Release|x64.ActiveCfg = Release|x64
		{454E2EDD-4E64-49AE-8B29-9AC94FAC2494}.Release|x64.Build.0 = Release|x64
		{454E2EDD-4E64-49AE-8B29-9AC94FAC2494}.Release|x86.ActiveCfg = Release|Win32
		{454E2EDD-4E64-49AE-8B29-9AC94FAC2494}.Release|x86.Build.0 = Release|Win32
		{BDD38E45-5E08-4654-80AB-204A7C4A3FF3}.Debug|x64.ActiveCfg = Debug|x64
		{BDD38E45-5E08-4654-80AB-204A7C4A3FF3}.Debug|x64.Build.0 = Debug|x64
		{BDD38E45-5E08-4654-80AB-204A7C4A3FF3}.Debug|x86.ActiveCfg = Debug|Win32
		{BDD38E45-5E08-4654-80AB-204A7C4A3FF3}.Debug|x86.Build.0 = Debug|Win32
		{BDD38E45-5E08-4654-80AB-204A7C4A3FF3}.Release|x64.ActiveCfg = Release|x64
		{BDD38E45-5E08-4654-80AB-204A7C4A3FF3}.Release|x64.Build.0 = Release|x64
		{BDD38E45-5E08-4654-80AB-204A7C4A3FF3}.Release|x86.ActiveCfg = Release|Win32
		{BDD38E45-5E08-4654-80AB-204A7C4A3FF3}.Release|x86.Build.0 = Release|Win32
		{BE228814-A8FE-45F3-91A8-5F73AD61AB02}.Debug|x64.ActiveCfg = Debug|x64
		{BE228814-A8FE-45F3-91A8-5F73AD61AB02}.Debug|x64.Build.0 = Debug|x64
		{BE228814-A8FE-45F3-91A8-5F73AD61AB02}.Debug|x86.ActiveCfg = Debug|Win32
		{BE228814-A8FE-45F3-91A8-5F73AD61AB02}.Debug|x86.Build.0 = Debug|Win32
		{BE228814-A8FE-45F3-91A8-5F73AD61AB02}.Release|x64.ActiveCfg = Release|x64
		{BE228814-A8FE-45F3-91A8-5F73AD61AB02}.Release|x64.Build.0 = Release|x64
		{BE228814-A8FE-45F3-91A8-5F73AD61AB02}.Release|x86.ActiveCfg = Release|Win32
		{BE228814-A8FE-45F3-91A8-5F73AD61AB02}.Release|x86.Build.0 = Release|Win32
		{19D1BAEA-0053-4B68-A3A3-FE3A2F4D7E46}.Debug|x64.ActiveCfg = Debug|x64
		{19D1BAEA-0053-4B68-A3A3-FE3A2F4D7E46}.Debug|x64.Build.0 = Debug|x64
		{19D1BAEA-0053-4B68-A3A3-FE3A2F4D7E46}.Debug|x86.ActiveCfg = Debug|Win32
		{19D1BAEA-0053-4B68-A3A3-FE3A2F4D7E46}.Debug|x86.Build.0 = Debug|Win32
		{19D1BAEA-0053-4B68-A3A3-FE3A2F4D7E46}.Release|x64.ActiveCfg = Release|x64
		{19D1BAEA-0053-4B68-A3A3-FE3A2F4D7E46}.Release|x64.Build.0 = Release|x64
		{19D1BAEA-0053-4B68-A3A3-FE3A2F4D7E46}.Release|x86.ActiveCfg = Release|Win32
		{19D1BAEA-0053-4B68-A3A3-FE3A2F4D7E46}.Release|x86.Build.0 = Release|Win32
		{FE0CC4EB-8818-4EF7-922B-B591D2906E0C}.Debug|x64.ActiveCfg = Debug|x64
		{FE0CC4EB-8818-4EF7-922B-B591D2906E0C}.Debug|x64.Build.0 = Debug|x64
		{FE0CC4EB-8818-4EF7-922B-B591D2906E0C}.Debug|x86.ActiveCfg = Debug|Win32
		{FE0CC4EB-8818-4EF7-922B-B591D2906E0C}.Debug|x86.Build.0 = Debug|Win32
		{FE0CC4EB-8818-4EF7-922B-B591D2906E0C}.Release|x64.ActiveCfg = Release|x64
		{FE0CC4EB-8818-4EF7-922B-B591D2906E0C}.Release|x64.Build.0 = Release|x64
		{FE0CC4EB-8818-4EF7-922B-B591D2906E0C}.Release|x86.ActiveCfg = Release|Win32
		{FE0CC4EB-8818-4EF7-922B-B591D2906E0C}.Release|x86.Build.0 = Release|Win32
		{6CFBC7B3-0F8A-4C64-AA5F-9051B208D67A}.Debug|x64.ActiveCfg = Debug|x64
		{6CFBC7B3-0F8A-4C64-AA5F-9051B208D67A}.Debug|x64.Build.0 = Debug|x64
		{6CFBC7B3-0F8A-4C64-AA5F-9051B208D67A}.Debug|x86.ActiveCfg = Debug|Win32
		{6CFBC7B3-0F8A-4C64-AA5F-9051B208D67A}.Debug|x86.Build.0 = Debug|Win32
		{6CFBC7B3-0F8A-4C64-AA5F-9051B208D67A}.Release|x64.ActiveCfg = Release|x64
		{6CFBC7B3-0F8A-4C64-AA5F-9051B208D67A}.Release|x64.Build.0 = Release|x64
		{6CFBC7B3-0F8A-4C64-AA5F-9051B208D67A}.Release|x86.ActiveCfg = Release|Win32
		{6CFBC7B3-0F8A-4C64-AA5F-9051B208D67A}.Release|x86.Build.0 = Release|Win32
	EndGlobalSection
	GlobalSection(SolutionProperties) = preSolution
		HideSolutionNode = FALSE
	EndGlobalSection
	GlobalSection(NestedProjects) = preSolution
		{508E9197-885A-4954-B5DD-B528CE27E803} = {DB5D464A-C2C2-4D58-B900-CB6C44A52647}
		{7CDBAD5D-00B5-4477-965E-803411B39454} = {5F632494-7B67-4E68-813A-814FEB565BC0}
		{C4680F18-E037-4881-A760-CF9AC4C668C5} = {72C4FB0A-DE78-4BBB-8F7D-65E76AD838DD}
		{B590A678-E935-4AED-AF1F-3B6D02A4AE95} = {7A2A4470-C347-47A6-AC21-2578AB107C73}
		{BDC63514-5D6B-4C7E-BC4F-11F19364456A} = {63D138D5-95B2-4081-8F72-28F52D3E6AF7}
		{3F4D6E80-3635-4577-B6AC-CE8B90068BDD} = {63D138D5-95B2-4081-8F72-28F52D3E6AF7}
		{8713DCC9-E21C-485A-99E5-B8D1E5AD91B6} = {A56F211F-7DE7-423D-AA5B-F14846EB01E3}
		{2D456930-7EE8-4CE4-965A-A85A744F8515} = {A56F211F-7DE7-423D-AA5B-F14846EB01E3}
		{99BAD649-F897-4374-B69D-EEB3F9CAE027} = {490FE74B-201E-4E9F-86E9-D7FFE4935F6E}
		{23D47CEE-6F04-46F2-B680-AF36FB5A386A} = {490FE74B-201E-4E9F-86E9-D7FFE4935F6E}
		{0EB5ECAA-3BCB-4B58-9FA9-88176C0E1CFF} = {490FE74B-201E-4E9F-86E9-D7FFE4935F6E}
		{5ED524F3-165A-425D-B380-3FA556A48005} = {19F6D636-C291-407D-88D6-E07D779F2E19}
		{BB2E3DFF-5328-43B3-A8A1-1E881AFE7884} = {67FFF2D4-FA74-404E-9EBE-2CBE72C3714B}
		{6A6F7455-9AA4-4BFA-8593-169F7182146A} = {502A4D37-97CB-44E4-AC91-F4796A38ADB0}
		{CA41A537-195E-4958-B149-CEE6399D9618} = {6A04B300-1317-488D-B021-5AF8DF12E033}
		{2B6B81E7-C717-43D5-A535-B59ADA901B09} = {6A04B300-1317-488D-B021-5AF8DF12E033}
		{B7F5DB6D-AE07-41D0-A684-26C3A36B97C4} = {6A04B300-1317-488D-B021-5AF8DF12E033}
		{16004724-C619-451B-A249-58709A3639C0} = {6A04B300-1317-488D-B021-5AF8DF12E033}
		{66252CDA-3422-41DD-B089-393287D6E614} = {1A1B0659-9A4C-4663-963B-12738791A90A}
		{F2BE9056-354C-40EA-A16E-3335F07678A6} = {1A1B0659-9A4C-4663-963B-12738791A90A}
		{EBA44FF6-C000-495A-ABE9-E6848AF88F17} = {DCF8FD97-E7FB-4C0D-9D89-BA841703D5E3}
		{08EDFAC3-2447-4CDF-9B1F-D91C8D9887E7} = {7D9CCD8A-5D1E-4BDA-BE72-4B09A86BB26B}
		{BA776CBA-A555-43D1-B4B8-82A3BEFEFDB9} = {42B8227D-9F7F-4658-B5D9-EBA09A18BC34}
		{75FB9415-C135-4C93-9B35-8C27FB9BF7F3} = {F185C357-4FCA-4FD2-A4C0-3403A1F7B366}
		{454E2EDD-4E64-49AE-8B29-9AC94FAC2494} = {F185C357-4FCA-4FD2-A4C0-3403A1F7B366}
		{BDD38E45-5E08-4654-80AB-204A7C4A3FF3} = {44803F9D-64D0-4FFD-A7BA-4DEFB25CFA7B}
		{BE228814-A8FE-45F3-91A8-5F73AD61AB02} = {C0A85CB4-5692-4B4B-B6DC-46AD484E0DA6}
		{19D1BAEA-0053-4B68-A3A3-FE3A2F4D7E46} = {1EB6785F-FBB0-42CF-B068-1262EEDA39CD}
		{FE0CC4EB-8818-4EF7-922B-B591D2906E0C} = {9300137B-2F09-45D5-8177-CF4D223E7D3D}
		{6CFBC7B3-0F8A-4C64-AA5F-9051B208D67A} = {7C1FA604-1E96-436A-85DC-5436403F5414}
	EndGlobalSection
	GlobalSection(ExtensibilityGlobals) = postSolution
		SolutionGuid = {1806BA18-1F4D-4D72-8850-5983B538CBE4}
	EndGlobalSection
EndGlobal
